
Microsoft Visual Studio Solution File, Format Version 12.00
# Visual Studio Version 17
VisualStudioVersion = 17.7.34009.444
MinimumVisualStudioVersion = 10.0.40219.1
Project("{8BC9CEB8-8B4A-11D0-8D11-00A0C91BC942}") = "Server", "Server\Server.vcxproj", "{5539D2B6-56A5-44F1-A787-382EA8184392}"
EndProject
Global
	GlobalSection(SolutionConfigurationPlatforms) = preSolution
		Debug|x64 = Debug|x64
		Debug|x86 = Debug|x86
		Release|x64 = Release|x64
		Release|x86 = Release|x86
	EndGlobalSection
	GlobalSection(ProjectConfigurationPlatforms) = postSolution
		{5539D2B6-56A5-44F1-A787-382EA8184392}.Debug|x64.ActiveCfg = Debug|x64
		{5539D2B6-56A5-44F1-A787-382EA8184392}.Debug|x64.Build.0 = Debug|x64
		{5539D2B6-56A5-44F1-A787-382EA8184392}.Debug|x86.ActiveCfg = Debug|Win32
		{5539D2B6-56A5-44F1-A787-382EA8184392}.Debug|x86.Build.0 = Debug|Win32
		{5539D2B6-56A5-44F1-A787-382EA8184392}.Release|x64.ActiveCfg = Release|x64
		{5539D2B6-56A5-44F1-A787-382EA8184392}.Release|x64.Build.0 = Release|x64
		{5539D2B6-56A5-44F1-A787-382EA8184392}.Release|x86.ActiveCfg = Release|Win32
		{5539D2B6-56A5-44F1-A787-382EA8184392}.Release|x86.Build.0 = Release|Win32
	EndGlobalSection
	GlobalSection(SolutionProperties) = preSolution
		HideSolutionNode = FALSE
	EndGlobalSection
	GlobalSection(ExtensibilityGlobals) = postSolution
		SolutionGuid = {43A86988-0CAA-465B-8F29-D282076FC961}
	EndGlobalSection
EndGlobal
